
Microsoft Visual Studio Solution File, Format Version 12.00
# Visual Studio Version 17
VisualStudioVersion = 17.9.34622.214
MinimumVisualStudioVersion = 10.0.40219.1
Project("{FAE04EC0-301F-11D3-BF4B-00C04F79EFBC}") = "Tresor.Core", "Tresor.Core\Tresor.Core.csproj", "{D1E702D0-5B7B-409A-9753-FAA19E119188}"
EndProject
Global
	GlobalSection(SolutionConfigurationPlatforms) = preSolution
		Debug|Any CPU = Debug|Any CPU
		Release|Any CPU = Release|Any CPU
	EndGlobalSection
	GlobalSection(ProjectConfigurationPlatforms) = postSolution
		{D1E702D0-5B7B-409A-9753-FAA19E119188}.Debug|Any CPU.ActiveCfg = Debug|Any CPU
		{D1E702D0-5B7B-409A-9753-FAA19E119188}.Debug|Any CPU.Build.0 = Debug|Any CPU
		{D1E702D0-5B7B-409A-9753-FAA19E119188}.Release|Any CPU.ActiveCfg = Release|Any CPU
		{D1E702D0-5B7B-409A-9753-FAA19E119188}.Release|Any CPU.Build.0 = Release|Any CPU
	EndGlobalSection
	GlobalSection(SolutionProperties) = preSolution
		HideSolutionNode = FALSE
	EndGlobalSection
	GlobalSection(ExtensibilityGlobals) = postSolution
		SolutionGuid = {BD4248F2-BB40-4526-9B7A-B6EC0742B834}
	EndGlobalSection
EndGlobal
