
Microsoft Visual Studio Solution File, Format Version 12.00
# Visual Studio Version 17
VisualStudioVersion = 17.9.34622.214
MinimumVisualStudioVersion = 10.0.40219.1
Project("{FAE04EC0-301F-11D3-BF4B-00C04F79EFBC}") = "Tresor.Test", "Tresor.Test\Tresor.Test.csproj", "{D89DE4AB-59B1-4A5F-942D-837C9351E054}"
EndProject
Global
	GlobalSection(SolutionConfigurationPlatforms) = preSolution
		Debug|Any CPU = Debug|Any CPU
		Release|Any CPU = Release|Any CPU
	EndGlobalSection
	GlobalSection(ProjectConfigurationPlatforms) = postSolution
		{D89DE4AB-59B1-4A5F-942D-837C9351E054}.Debug|Any CPU.ActiveCfg = Debug|Any CPU
		{D89DE4AB-59B1-4A5F-942D-837C9351E054}.Debug|Any CPU.Build.0 = Debug|Any CPU
		{D89DE4AB-59B1-4A5F-942D-837C9351E054}.Release|Any CPU.ActiveCfg = Release|Any CPU
		{D89DE4AB-59B1-4A5F-942D-837C9351E054}.Release|Any CPU.Build.0 = Release|Any CPU
	EndGlobalSection
	GlobalSection(SolutionProperties) = preSolution
		HideSolutionNode = FALSE
	EndGlobalSection
	GlobalSection(ExtensibilityGlobals) = postSolution
		SolutionGuid = {29DE916D-1971-497F-A4F0-9602718302E0}
	EndGlobalSection
EndGlobal
